// !$*UTF8*$!
{
	archiveVersion = 1;
	classes = {
	};
	objectVersion = 46;
	objects = {

/* Begin PBXBuildFile section */
		AA11E1571A310913005EF396 /* main.m in Sources */ = {isa = PBXBuildFile; fileRef = AA11E1561A310913005EF396 /* main.m */; };
		AA11E15A1A310913005EF396 /* AppDelegate.m in Sources */ = {isa = PBXBuildFile; fileRef = AA11E1591A310913005EF396 /* AppDelegate.m */; };
		AA11E15D1A310913005EF396 /* ViewController.m in Sources */ = {isa = PBXBuildFile; fileRef = AA11E15C1A310913005EF396 /* ViewController.m */; };
		AA11E1601A310913005EF396 /* Main.storyboard in Resources */ = {isa = PBXBuildFile; fileRef = AA11E15E1A310913005EF396 /* Main.storyboard */; };
		AA11E1621A310913005EF396 /* Images.xcassets in Resources */ = {isa = PBXBuildFile; fileRef = AA11E1611A310913005EF396 /* Images.xcassets */; };
		AA11E1651A310913005EF396 /* LaunchScreen.xib in Resources */ = {isa = PBXBuildFile; fileRef = AA11E1631A310913005EF396 /* LaunchScreen.xib */; };
		AA11E1711A310913005EF396 /* Nice_Spots_for_AllTests.m in Sources */ = {isa = PBXBuildFile; fileRef = AA11E1701A310913005EF396 /* Nice_Spots_for_AllTests.m */; };
/* End PBXBuildFile section */

/* Begin PBXContainerItemProxy section */
		AA11E16B1A310913005EF396 /* PBXContainerItemProxy */ = {
			isa = PBXContainerItemProxy;
			containerPortal = AA11E1491A310912005EF396 /* Project object */;
			proxyType = 1;
			remoteGlobalIDString = AA11E1501A310913005EF396;
			remoteInfo = "Nice-Spots-for-All";
		};
/* End PBXContainerItemProxy section */

/* Begin PBXFileReference section */
		AA11E1511A310913005EF396 /* Nice-Spots-for-All.app */ = {isa = PBXFileReference; explicitFileType = wrapper.application; includeInIndex = 0; path = "Nice-Spots-for-All.app"; sourceTree = BUILT_PRODUCTS_DIR; };
		AA11E1551A310913005EF396 /* Info.plist */ = {isa = PBXFileReference; lastKnownFileType = text.plist.xml; path = Info.plist; sourceTree = "<group>"; };
		AA11E1561A310913005EF396 /* main.m */ = {isa = PBXFileReference; lastKnownFileType = sourcecode.c.objc; path = main.m; sourceTree = "<group>"; };
		AA11E1581A310913005EF396 /* AppDelegate.h */ = {isa = PBXFileReference; lastKnownFileType = sourcecode.c.h; path = AppDelegate.h; sourceTree = "<group>"; };
		AA11E1591A310913005EF396 /* AppDelegate.m */ = {isa = PBXFileReference; lastKnownFileType = sourcecode.c.objc; path = AppDelegate.m; sourceTree = "<group>"; };
		AA11E15B1A310913005EF396 /* ViewController.h */ = {isa = PBXFileReference; lastKnownFileType = sourcecode.c.h; path = ViewController.h; sourceTree = "<group>"; };
		AA11E15C1A310913005EF396 /* ViewController.m */ = {isa = PBXFileReference; lastKnownFileType = sourcecode.c.objc; path = ViewController.m; sourceTree = "<group>"; };
		AA11E15F1A310913005EF396 /* Base */ = {isa = PBXFileReference; lastKnownFileType = file.storyboard; name = Base; path = Base.lproj/Main.storyboard; sourceTree = "<group>"; };
		AA11E1611A310913005EF396 /* Images.xcassets */ = {isa = PBXFileReference; lastKnownFileType = folder.assetcatalog; path = Images.xcassets; sourceTree = "<group>"; };
		AA11E1641A310913005EF396 /* Base */ = {isa = PBXFileReference; lastKnownFileType = file.xib; name = Base; path = Base.lproj/LaunchScreen.xib; sourceTree = "<group>"; };
		AA11E16A1A310913005EF396 /* Nice-Spots-for-AllTests.xctest */ = {isa = PBXFileReference; explicitFileType = wrapper.cfbundle; includeInIndex = 0; path = "Nice-Spots-for-AllTests.xctest"; sourceTree = BUILT_PRODUCTS_DIR; };
		AA11E16F1A310913005EF396 /* Info.plist */ = {isa = PBXFileReference; lastKnownFileType = text.plist.xml; path = Info.plist; sourceTree = "<group>"; };
		AA11E1701A310913005EF396 /* Nice_Spots_for_AllTests.m */ = {isa = PBXFileReference; lastKnownFileType = sourcecode.c.objc; path = Nice_Spots_for_AllTests.m; sourceTree = "<group>"; };
/* End PBXFileReference section */

/* Begin PBXFrameworksBuildPhase section */
		AA11E14E1A310913005EF396 /* Frameworks */ = {
			isa = PBXFrameworksBuildPhase;
			buildActionMask = 2147483647;
			files = (
			);
			runOnlyForDeploymentPostprocessing = 0;
		};
		AA11E1671A310913005EF396 /* Frameworks */ = {
			isa = PBXFrameworksBuildPhase;
			buildActionMask = 2147483647;
			files = (
			);
			runOnlyForDeploymentPostprocessing = 0;
		};
/* End PBXFrameworksBuildPhase section */

/* Begin PBXGroup section */
		AA11E1481A310912005EF396 = {
			isa = PBXGroup;
			children = (
				AA11E1531A310913005EF396 /* Nice-Spots-for-All */,
				AA11E16D1A310913005EF396 /* Nice-Spots-for-AllTests */,
				AA11E1521A310913005EF396 /* Products */,
			);
			sourceTree = "<group>";
		};
		AA11E1521A310913005EF396 /* Products */ = {
			isa = PBXGroup;
			children = (
				AA11E1511A310913005EF396 /* Nice-Spots-for-All.app */,
				AA11E16A1A310913005EF396 /* Nice-Spots-for-AllTests.xctest */,
			);
			name = Products;
			sourceTree = "<group>";
		};
		AA11E1531A310913005EF396 /* Nice-Spots-for-All */ = {
			isa = PBXGroup;
			children = (
				AA11E1581A310913005EF396 /* AppDelegate.h */,
				AA11E1591A310913005EF396 /* AppDelegate.m */,
				AA11E15B1A310913005EF396 /* ViewController.h */,
				AA11E15C1A310913005EF396 /* ViewController.m */,
				AA11E15E1A310913005EF396 /* Main.storyboard */,
				AA11E1611A310913005EF396 /* Images.xcassets */,
				AA11E1631A310913005EF396 /* LaunchScreen.xib */,
				AA11E1541A310913005EF396 /* Supporting Files */,
			);
			path = "Nice-Spots-for-All";
			sourceTree = "<group>";
		};
		AA11E1541A310913005EF396 /* Supporting Files */ = {
			isa = PBXGroup;
			children = (
				AA11E1551A310913005EF396 /* Info.plist */,
				AA11E1561A310913005EF396 /* main.m */,
			);
			name = "Supporting Files";
			sourceTree = "<group>";
		};
		AA11E16D1A310913005EF396 /* Nice-Spots-for-AllTests */ = {
			isa = PBXGroup;
			children = (
				AA11E1701A310913005EF396 /* Nice_Spots_for_AllTests.m */,
				AA11E16E1A310913005EF396 /* Supporting Files */,
			);
			path = "Nice-Spots-for-AllTests";
			sourceTree = "<group>";
		};
		AA11E16E1A310913005EF396 /* Supporting Files */ = {
			isa = PBXGroup;
			children = (
				AA11E16F1A310913005EF396 /* Info.plist */,
			);
			name = "Supporting Files";
			sourceTree = "<group>";
		};
/* End PBXGroup section */

/* Begin PBXNativeTarget section */
		AA11E1501A310913005EF396 /* Nice-Spots-for-All */ = {
			isa = PBXNativeTarget;
			buildConfigurationList = AA11E1741A310913005EF396 /* Build configuration list for PBXNativeTarget "Nice-Spots-for-All" */;
			buildPhases = (
				AA11E14D1A310913005EF396 /* Sources */,
				AA11E14E1A310913005EF396 /* Frameworks */,
				AA11E14F1A310913005EF396 /* Resources */,
			);
			buildRules = (
			);
			dependencies = (
			);
			name = "Nice-Spots-for-All";
			productName = "Nice-Spots-for-All";
			productReference = AA11E1511A310913005EF396 /* Nice-Spots-for-All.app */;
			productType = "com.apple.product-type.application";
		};
		AA11E1691A310913005EF396 /* Nice-Spots-for-AllTests */ = {
			isa = PBXNativeTarget;
			buildConfigurationList = AA11E1771A310913005EF396 /* Build configuration list for PBXNativeTarget "Nice-Spots-for-AllTests" */;
			buildPhases = (
				AA11E1661A310913005EF396 /* Sources */,
				AA11E1671A310913005EF396 /* Frameworks */,
				AA11E1681A310913005EF396 /* Resources */,
			);
			buildRules = (
			);
			dependencies = (
				AA11E16C1A310913005EF396 /* PBXTargetDependency */,
			);
			name = "Nice-Spots-for-AllTests";
			productName = "Nice-Spots-for-AllTests";
			productReference = AA11E16A1A310913005EF396 /* Nice-Spots-for-AllTests.xctest */;
			productType = "com.apple.product-type.bundle.unit-test";
		};
/* End PBXNativeTarget section */

/* Begin PBXProject section */
		AA11E1491A310912005EF396 /* Project object */ = {
			isa = PBXProject;
			attributes = {
				LastUpgradeCheck = 0610;
				ORGANIZATIONNAME = abhijaigarg;
				TargetAttributes = {
					AA11E1501A310913005EF396 = {
						CreatedOnToolsVersion = 6.1;
					};
					AA11E1691A310913005EF396 = {
						CreatedOnToolsVersion = 6.1;
						TestTargetID = AA11E1501A310913005EF396;
					};
				};
			};
			buildConfigurationList = AA11E14C1A310912005EF396 /* Build configuration list for PBXProject "Nice-Spots-for-All" */;
			compatibilityVersion = "Xcode 3.2";
			developmentRegion = English;
			hasScannedForEncodings = 0;
			knownRegions = (
				en,
				Base,
			);
			mainGroup = AA11E1481A310912005EF396;
			productRefGroup = AA11E1521A310913005EF396 /* Products */;
			projectDirPath = "";
			projectRoot = "";
			targets = (
				AA11E1501A310913005EF396 /* Nice-Spots-for-All */,
				AA11E1691A310913005EF396 /* Nice-Spots-for-AllTests */,
			);
		};
/* End PBXProject section */

/* Begin PBXResourcesBuildPhase section */
		AA11E14F1A310913005EF396 /* Resources */ = {
			isa = PBXResourcesBuildPhase;
			buildActionMask = 2147483647;
			files = (
				AA11E1601A310913005EF396 /* Main.storyboard in Resources */,
				AA11E1651A310913005EF396 /* LaunchScreen.xib in Resources */,
				AA11E1621A310913005EF396 /* Images.xcassets in Resources */,
			);
			runOnlyForDeploymentPostprocessing = 0;
		};
		AA11E1681A310913005EF396 /* Resources */ = {
			isa = PBXResourcesBuildPhase;
			buildActionMask = 2147483647;
			files = (
			);
			runOnlyForDeploymentPostprocessing = 0;
		};
/* End PBXResourcesBuildPhase section */

/* Begin PBXSourcesBuildPhase section */
		AA11E14D1A310913005EF396 /* Sources */ = {
			isa = PBXSourcesBuildPhase;
			buildActionMask = 2147483647;
			files = (
				AA11E15D1A310913005EF396 /* ViewController.m in Sources */,
				AA11E15A1A310913005EF396 /* AppDelegate.m in Sources */,
				AA11E1571A310913005EF396 /* main.m in Sources */,
			);
			runOnlyForDeploymentPostprocessing = 0;
		};
		AA11E1661A310913005EF396 /* Sources */ = {
			isa = PBXSourcesBuildPhase;
			buildActionMask = 2147483647;
			files = (
				AA11E1711A310913005EF396 /* Nice_Spots_for_AllTests.m in Sources */,
			);
			runOnlyForDeploymentPostprocessing = 0;
		};
/* End PBXSourcesBuildPhase section */

/* Begin PBXTargetDependency section */
		AA11E16C1A310913005EF396 /* PBXTargetDependency */ = {
			isa = PBXTargetDependency;
			target = AA11E1501A310913005EF396 /* Nice-Spots-for-All */;
			targetProxy = AA11E16B1A310913005EF396 /* PBXContainerItemProxy */;
		};
/* End PBXTargetDependency section */

/* Begin PBXVariantGroup section */
		AA11E15E1A310913005EF396 /* Main.storyboard */ = {
			isa = PBXVariantGroup;
			children = (
				AA11E15F1A310913005EF396 /* Base */,
			);
			name = Main.storyboard;
			sourceTree = "<group>";
		};
		AA11E1631A310913005EF396 /* LaunchScreen.xib */ = {
			isa = PBXVariantGroup;
			children = (
				AA11E1641A310913005EF396 /* Base */,
			);
			name = LaunchScreen.xib;
			sourceTree = "<group>";
		};
/* End PBXVariantGroup section */

/* Begin XCBuildConfiguration section */
		AA11E1721A310913005EF396 /* Debug */ = {
			isa = XCBuildConfiguration;
			buildSettings = {
				ALWAYS_SEARCH_USER_PATHS = NO;
				CLANG_CXX_LANGUAGE_STANDARD = "gnu++0x";
				CLANG_CXX_LIBRARY = "libc++";
				CLANG_ENABLE_MODULES = YES;
				CLANG_ENABLE_OBJC_ARC = YES;
				CLANG_WARN_BOOL_CONVERSION = YES;
				CLANG_WARN_CONSTANT_CONVERSION = YES;
				CLANG_WARN_DIRECT_OBJC_ISA_USAGE = YES_ERROR;
				CLANG_WARN_EMPTY_BODY = YES;
				CLANG_WARN_ENUM_CONVERSION = YES;
				CLANG_WARN_INT_CONVERSION = YES;
				CLANG_WARN_OBJC_ROOT_CLASS = YES_ERROR;
				CLANG_WARN_UNREACHABLE_CODE = YES;
				CLANG_WARN__DUPLICATE_METHOD_MATCH = YES;
				"CODE_SIGN_IDENTITY[sdk=iphoneos*]" = "iPhone Developer";
				COPY_PHASE_STRIP = NO;
				ENABLE_STRICT_OBJC_MSGSEND = YES;
				GCC_C_LANGUAGE_STANDARD = gnu99;
				GCC_DYNAMIC_NO_PIC = NO;
				GCC_OPTIMIZATION_LEVEL = 0;
				GCC_PREPROCESSOR_DEFINITIONS = (
					"DEBUG=1",
					"$(inherited)",
				);
				GCC_SYMBOLS_PRIVATE_EXTERN = NO;
				GCC_WARN_64_TO_32_BIT_CONVERSION = YES;
				GCC_WARN_ABOUT_RETURN_TYPE = YES_ERROR;
				GCC_WARN_UNDECLARED_SELECTOR = YES;
				GCC_WARN_UNINITIALIZED_AUTOS = YES_AGGRESSIVE;
				GCC_WARN_UNUSED_FUNCTION = YES;
				GCC_WARN_UNUSED_VARIABLE = YES;
				IPHONEOS_DEPLOYMENT_TARGET = 8.1;
				MTL_ENABLE_DEBUG_INFO = YES;
				ONLY_ACTIVE_ARCH = YES;
				SDKROOT = iphoneos;
			};
			name = Debug;
		};
		AA11E1731A310913005EF396 /* Release */ = {
			isa = XCBuildConfiguration;
			buildSettings = {
				ALWAYS_SEARCH_USER_PATHS = NO;
				CLANG_CXX_LANGUAGE_STANDARD = "gnu++0x";
				CLANG_CXX_LIBRARY = "libc++";
				CLANG_ENABLE_MODULES = YES;
				CLANG_ENABLE_OBJC_ARC = YES;
				CLANG_WARN_BOOL_CONVERSION = YES;
				CLANG_WARN_CONSTANT_CONVERSION = YES;
				CLANG_WARN_DIRECT_OBJC_ISA_USAGE = YES_ERROR;
				CLANG_WARN_EMPTY_BODY = YES;
				CLANG_WARN_ENUM_CONVERSION = YES;
				CLANG_WARN_INT_CONVERSION = YES;
				CLANG_WARN_OBJC_ROOT_CLASS = YES_ERROR;
				CLANG_WARN_UNREACHABLE_CODE = YES;
				CLANG_WARN__DUPLICATE_METHOD_MATCH = YES;
				"CODE_SIGN_IDENTITY[sdk=iphoneos*]" = "iPhone Developer";
				COPY_PHASE_STRIP = YES;
				ENABLE_NS_ASSERTIONS = NO;
				ENABLE_STRICT_OBJC_MSGSEND = YES;
				GCC_C_LANGUAGE_STANDARD = gnu99;
				GCC_WARN_64_TO_32_BIT_CONVERSION = YES;
				GCC_WARN_ABOUT_RETURN_TYPE = YES_ERROR;
				GCC_WARN_UNDECLARED_SELECTOR = YES;
				GCC_WARN_UNINITIALIZED_AUTOS = YES_AGGRESSIVE;
				GCC_WARN_UNUSED_FUNCTION = YES;
				GCC_WARN_UNUSED_VARIABLE = YES;
				IPHONEOS_DEPLOYMENT_TARGET = 8.1;
				MTL_ENABLE_DEBUG_INFO = NO;
				SDKROOT = iphoneos;
				VALIDATE_PRODUCT = YES;
			};
			name = Release;
		};
		AA11E1751A310913005EF396 /* Debug */ = {
			isa = XCBuildConfiguration;
			buildSettings = {
				ASSETCATALOG_COMPILER_APPICON_NAME = AppIcon;
				INFOPLIST_FILE = "Nice-Spots-for-All/Info.plist";
				LD_RUNPATH_SEARCH_PATHS = "$(inherited) @executable_path/Frameworks";
				PRODUCT_NAME = "$(TARGET_NAME)";
			};
			name = Debug;
		};
		AA11E1761A310913005EF396 /* Release */ = {
			isa = XCBuildConfiguration;
			buildSettings = {
				ASSETCATALOG_COMPILER_APPICON_NAME = AppIcon;
				INFOPLIST_FILE = "Nice-Spots-for-All/Info.plist";
				LD_RUNPATH_SEARCH_PATHS = "$(inherited) @executable_path/Frameworks";
				PRODUCT_NAME = "$(TARGET_NAME)";
			};
			name = Release;
		};
		AA11E1781A310913005EF396 /* Debug */ = {
			isa = XCBuildConfiguration;
			buildSettings = {
				BUNDLE_LOADER = "$(TEST_HOST)";
				FRAMEWORK_SEARCH_PATHS = (
					"$(SDKROOT)/Developer/Library/Frameworks",
					"$(inherited)",
				);
				GCC_PREPROCESSOR_DEFINITIONS = (
					"DEBUG=1",
					"$(inherited)",
				);
				INFOPLIST_FILE = "Nice-Spots-for-AllTests/Info.plist";
				LD_RUNPATH_SEARCH_PATHS = "$(inherited) @executable_path/Frameworks @loader_path/Frameworks";
				PRODUCT_NAME = "$(TARGET_NAME)";
				TEST_HOST = "$(BUILT_PRODUCTS_DIR)/Nice-Spots-for-All.app/Nice-Spots-for-All";
			};
			name = Debug;
		};
		AA11E1791A310913005EF396 /* Release */ = {
			isa = XCBuildConfiguration;
			buildSettings = {
				BUNDLE_LOADER = "$(TEST_HOST)";
				FRAMEWORK_SEARCH_PATHS = (
					"$(SDKROOT)/Developer/Library/Frameworks",
					"$(inherited)",
				);
				INFOPLIST_FILE = "Nice-Spots-for-AllTests/Info.plist";
				LD_RUNPATH_SEARCH_PATHS = "$(inherited) @executable_path/Frameworks @loader_path/Frameworks";
				PRODUCT_NAME = "$(TARGET_NAME)";
				TEST_HOST = "$(BUILT_PRODUCTS_DIR)/Nice-Spots-for-All.app/Nice-Spots-for-All";
			};
			name = Release;
		};
/* End XCBuildConfiguration section */

/* Begin XCConfigurationList section */
		AA11E14C1A310912005EF396 /* Build configuration list for PBXProject "Nice-Spots-for-All" */ = {
			isa = XCConfigurationList;
			buildConfigurations = (
				AA11E1721A310913005EF396 /* Debug */,
				AA11E1731A310913005EF396 /* Release */,
			);
			defaultConfigurationIsVisible = 0;
			defaultConfigurationName = Release;
		};
		AA11E1741A310913005EF396 /* Build configuration list for PBXNativeTarget "Nice-Spots-for-All" */ = {
			isa = XCConfigurationList;
			buildConfigurations = (
				AA11E1751A310913005EF396 /* Debug */,
				AA11E1761A310913005EF396 /* Release */,
			);
			defaultConfigurationIsVisible = 0;
		};
		AA11E1771A310913005EF396 /* Build configuration list for PBXNativeTarget "Nice-Spots-for-AllTests" */ = {
			isa = XCConfigurationList;
			buildConfigurations = (
				AA11E1781A310913005EF396 /* Debug */,
				AA11E1791A310913005EF396 /* Release */,
			);
			defaultConfigurationIsVisible = 0;
		};
/* End XCConfigurationList section */
	};
	rootObject = AA11E1491A310912005EF396 /* Project object */;
}
