// !$*UTF8*$!
{
	archiveVersion = 1;
	classes = {
	};
	objectVersion = 46;
	objects = {

/* Begin PBXBuildFile section */
		03401F5C1A3A2D7F00D71777 /* Images.xcassets in Resources */ = {isa = PBXBuildFile; fileRef = 03401F5B1A3A2D7F00D71777 /* Images.xcassets */; };
		03977D711A429F8500C12B57 /* nsa.sql in Resources */ = {isa = PBXBuildFile; fileRef = 03977D701A429F8500C12B57 /* nsa.sql */; };
		03F330371A34ED1800206A40 /* libsqlite3.dylib in Frameworks */ = {isa = PBXBuildFile; fileRef = 03F330361A34ED1800206A40 /* libsqlite3.dylib */; };
		03F3303A1A34EDD300206A40 /* DBManager.m in Sources */ = {isa = PBXBuildFile; fileRef = 03F330391A34EDD300206A40 /* DBManager.m */; };
		AA11E1AA1A31673D005EF396 /* find.png in Resources */ = {isa = PBXBuildFile; fileRef = AA11E1A71A31673D005EF396 /* find.png */; };
		AA11E1AB1A31673D005EF396 /* friend.png in Resources */ = {isa = PBXBuildFile; fileRef = AA11E1A81A31673D005EF396 /* friend.png */; };
		AA11E1AC1A31673D005EF396 /* logout.png in Resources */ = {isa = PBXBuildFile; fileRef = AA11E1A91A31673D005EF396 /* logout.png */; };
		AA977EEA1A351AFF00569DD8 /* FacebookSDK.framework in Frameworks */ = {isa = PBXBuildFile; fileRef = AA977EE91A351AFF00569DD8 /* FacebookSDK.framework */; };
		AA977EED1A351D9200569DD8 /* ViewController.m in Sources */ = {isa = PBXBuildFile; fileRef = AA977EEC1A351D9200569DD8 /* ViewController.m */; };
		F4D9AD1F1871725500E2D912 /* SWRevealViewController.m in Sources */ = {isa = PBXBuildFile; fileRef = F4D9AD1E1871725500E2D912 /* SWRevealViewController.m */; };
		F4EECF12177C99F400778578 /* UIKit.framework in Frameworks */ = {isa = PBXBuildFile; fileRef = F4EECF11177C99F400778578 /* UIKit.framework */; };
		F4EECF14177C99F400778578 /* Foundation.framework in Frameworks */ = {isa = PBXBuildFile; fileRef = F4EECF13177C99F400778578 /* Foundation.framework */; };
		F4EECF16177C99F400778578 /* CoreGraphics.framework in Frameworks */ = {isa = PBXBuildFile; fileRef = F4EECF15177C99F400778578 /* CoreGraphics.framework */; };
		F4EECF1E177C99F400778578 /* main.m in Sources */ = {isa = PBXBuildFile; fileRef = F4EECF1D177C99F400778578 /* main.m */; };
		F4EECF22177C99F400778578 /* AppDelegate.m in Sources */ = {isa = PBXBuildFile; fileRef = F4EECF21177C99F400778578 /* AppDelegate.m */; };
		F4EECF24177C99F400778578 /* Default.png in Resources */ = {isa = PBXBuildFile; fileRef = F4EECF23177C99F400778578 /* Default.png */; };
		F4EECF26177C99F400778578 /* Default@2x.png in Resources */ = {isa = PBXBuildFile; fileRef = F4EECF25177C99F400778578 /* Default@2x.png */; };
		F4EECF28177C99F400778578 /* Default-568h@2x.png in Resources */ = {isa = PBXBuildFile; fileRef = F4EECF27177C99F400778578 /* Default-568h@2x.png */; };
		F4EECF2B177C99F400778578 /* MainStoryboard.storyboard in Resources */ = {isa = PBXBuildFile; fileRef = F4EECF29177C99F400778578 /* MainStoryboard.storyboard */; };
		F4EECF2E177C99F400778578 /* MapViewController.m in Sources */ = {isa = PBXBuildFile; fileRef = F4EECF2D177C99F400778578 /* MapViewController.m */; };
		F4EECF4A177DF87700778578 /* SidebarViewController.m in Sources */ = {isa = PBXBuildFile; fileRef = F4EECF49177DF87700778578 /* SidebarViewController.m */; };
		F4EECF67177F4AB000778578 /* nav_bg.png in Resources */ = {isa = PBXBuildFile; fileRef = F4EECF65177F4AB000778578 /* nav_bg.png */; };
		F4EECF6A177F4C0200778578 /* menu.png in Resources */ = {isa = PBXBuildFile; fileRef = F4EECF68177F4C0200778578 /* menu.png */; };
		F4EECF6B177F4C0200778578 /* menu@2x.png in Resources */ = {isa = PBXBuildFile; fileRef = F4EECF69177F4C0200778578 /* menu@2x.png */; };
		F4EECF6E177FD51400778578 /* LogoutViewController.m in Sources */ = {isa = PBXBuildFile; fileRef = F4EECF6D177FD51300778578 /* LogoutViewController.m */; };
		F4EECF70177FE9B400778578 /* CoreLocation.framework in Frameworks */ = {isa = PBXBuildFile; fileRef = F4EECF6F177FE9B400778578 /* CoreLocation.framework */; };
		F4EECF72177FE9BA00778578 /* MapKit.framework in Frameworks */ = {isa = PBXBuildFile; fileRef = F4EECF71177FE9BA00778578 /* MapKit.framework */; };
		F4EECF75177FF90600778578 /* FriendsViewController.m in Sources */ = {isa = PBXBuildFile; fileRef = F4EECF74177FF90600778578 /* FriendsViewController.m */; };
/* End PBXBuildFile section */

/* Begin PBXFileReference section */
		03401F5B1A3A2D7F00D71777 /* Images.xcassets */ = {isa = PBXFileReference; lastKnownFileType = folder.assetcatalog; path = Images.xcassets; sourceTree = "<group>"; };
		03977D701A429F8500C12B57 /* nsa.sql */ = {isa = PBXFileReference; lastKnownFileType = file; path = nsa.sql; sourceTree = "<group>"; };
		03F330361A34ED1800206A40 /* libsqlite3.dylib */ = {isa = PBXFileReference; lastKnownFileType = "compiled.mach-o.dylib"; name = libsqlite3.dylib; path = usr/lib/libsqlite3.dylib; sourceTree = SDKROOT; };
		03F330381A34EDD300206A40 /* DBManager.h */ = {isa = PBXFileReference; fileEncoding = 4; lastKnownFileType = sourcecode.c.h; path = DBManager.h; sourceTree = "<group>"; };
		03F330391A34EDD300206A40 /* DBManager.m */ = {isa = PBXFileReference; fileEncoding = 4; lastKnownFileType = sourcecode.c.objc; path = DBManager.m; sourceTree = "<group>"; };
		AA11E1A71A31673D005EF396 /* find.png */ = {isa = PBXFileReference; lastKnownFileType = image.png; name = find.png; path = "../../Nice-Spots-for-All/Nice-Spots-for-All/find.png"; sourceTree = "<group>"; };
		AA11E1A81A31673D005EF396 /* friend.png */ = {isa = PBXFileReference; lastKnownFileType = image.png; name = friend.png; path = "../../Nice-Spots-for-All/Nice-Spots-for-All/friend.png"; sourceTree = "<group>"; };
		AA11E1A91A31673D005EF396 /* logout.png */ = {isa = PBXFileReference; lastKnownFileType = image.png; name = logout.png; path = "../../Nice-Spots-for-All/Nice-Spots-for-All/logout.png"; sourceTree = "<group>"; };
		AA977EE91A351AFF00569DD8 /* FacebookSDK.framework */ = {isa = PBXFileReference; lastKnownFileType = wrapper.framework; name = FacebookSDK.framework; path = "Nice-Spots-for-All/FacebookSDK.framework"; sourceTree = "<group>"; };
		AA977EEB1A351D9200569DD8 /* ViewController.h */ = {isa = PBXFileReference; fileEncoding = 4; lastKnownFileType = sourcecode.c.h; lineEnding = 0; path = ViewController.h; sourceTree = "<group>"; xcLanguageSpecificationIdentifier = xcode.lang.objcpp; };
		AA977EEC1A351D9200569DD8 /* ViewController.m */ = {isa = PBXFileReference; fileEncoding = 4; lastKnownFileType = sourcecode.c.objc; lineEnding = 0; path = ViewController.m; sourceTree = "<group>"; xcLanguageSpecificationIdentifier = xcode.lang.objc; };
		F4D9AD1D1871725500E2D912 /* SWRevealViewController.h */ = {isa = PBXFileReference; fileEncoding = 4; lastKnownFileType = sourcecode.c.h; path = SWRevealViewController.h; sourceTree = "<group>"; };
		F4D9AD1E1871725500E2D912 /* SWRevealViewController.m */ = {isa = PBXFileReference; fileEncoding = 4; lastKnownFileType = sourcecode.c.objc; path = SWRevealViewController.m; sourceTree = "<group>"; };
		F4EECF0E177C99F400778578 /* Nice-Spots-for-All.app */ = {isa = PBXFileReference; explicitFileType = wrapper.application; includeInIndex = 0; path = "Nice-Spots-for-All.app"; sourceTree = BUILT_PRODUCTS_DIR; };
		F4EECF11177C99F400778578 /* UIKit.framework */ = {isa = PBXFileReference; lastKnownFileType = wrapper.framework; name = UIKit.framework; path = System/Library/Frameworks/UIKit.framework; sourceTree = SDKROOT; };
		F4EECF13177C99F400778578 /* Foundation.framework */ = {isa = PBXFileReference; lastKnownFileType = wrapper.framework; name = Foundation.framework; path = System/Library/Frameworks/Foundation.framework; sourceTree = SDKROOT; };
		F4EECF15177C99F400778578 /* CoreGraphics.framework */ = {isa = PBXFileReference; lastKnownFileType = wrapper.framework; name = CoreGraphics.framework; path = System/Library/Frameworks/CoreGraphics.framework; sourceTree = SDKROOT; };
		F4EECF19177C99F400778578 /* Nice-Spots-for-All-Info.plist */ = {isa = PBXFileReference; lastKnownFileType = text.plist.xml; path = "Nice-Spots-for-All-Info.plist"; sourceTree = "<group>"; };
		F4EECF1D177C99F400778578 /* main.m */ = {isa = PBXFileReference; lastKnownFileType = sourcecode.c.objc; lineEnding = 0; path = main.m; sourceTree = "<group>"; xcLanguageSpecificationIdentifier = xcode.lang.objc; };
		F4EECF1F177C99F400778578 /* Nice-Spots-for-All-Prefix.pch */ = {isa = PBXFileReference; lastKnownFileType = sourcecode.c.h; path = "Nice-Spots-for-All-Prefix.pch"; sourceTree = "<group>"; };
		F4EECF20177C99F400778578 /* AppDelegate.h */ = {isa = PBXFileReference; lastKnownFileType = sourcecode.c.h; lineEnding = 0; path = AppDelegate.h; sourceTree = "<group>"; xcLanguageSpecificationIdentifier = xcode.lang.objcpp; };
		F4EECF21177C99F400778578 /* AppDelegate.m */ = {isa = PBXFileReference; lastKnownFileType = sourcecode.c.objc; lineEnding = 0; path = AppDelegate.m; sourceTree = "<group>"; xcLanguageSpecificationIdentifier = xcode.lang.objc; };
		F4EECF23177C99F400778578 /* Default.png */ = {isa = PBXFileReference; lastKnownFileType = image.png; path = Default.png; sourceTree = "<group>"; };
		F4EECF25177C99F400778578 /* Default@2x.png */ = {isa = PBXFileReference; lastKnownFileType = image.png; path = "Default@2x.png"; sourceTree = "<group>"; };
		F4EECF27177C99F400778578 /* Default-568h@2x.png */ = {isa = PBXFileReference; lastKnownFileType = image.png; path = "Default-568h@2x.png"; sourceTree = "<group>"; };
		F4EECF2A177C99F400778578 /* en */ = {isa = PBXFileReference; lastKnownFileType = file.storyboard; name = en; path = en.lproj/MainStoryboard.storyboard; sourceTree = "<group>"; };
		F4EECF2C177C99F400778578 /* MapViewController.h */ = {isa = PBXFileReference; lastKnownFileType = sourcecode.c.h; lineEnding = 0; path = MapViewController.h; sourceTree = "<group>"; xcLanguageSpecificationIdentifier = xcode.lang.objcpp; };
		F4EECF2D177C99F400778578 /* MapViewController.m */ = {isa = PBXFileReference; lastKnownFileType = sourcecode.c.objc; lineEnding = 0; path = MapViewController.m; sourceTree = "<group>"; xcLanguageSpecificationIdentifier = xcode.lang.objc; };
		F4EECF48177DF87700778578 /* SidebarViewController.h */ = {isa = PBXFileReference; fileEncoding = 4; lastKnownFileType = sourcecode.c.h; lineEnding = 0; path = SidebarViewController.h; sourceTree = "<group>"; xcLanguageSpecificationIdentifier = xcode.lang.objcpp; };
		F4EECF49177DF87700778578 /* SidebarViewController.m */ = {isa = PBXFileReference; fileEncoding = 4; lastKnownFileType = sourcecode.c.objc; lineEnding = 0; path = SidebarViewController.m; sourceTree = "<group>"; xcLanguageSpecificationIdentifier = xcode.lang.objc; };
		F4EECF65177F4AB000778578 /* nav_bg.png */ = {isa = PBXFileReference; lastKnownFileType = image.png; path = nav_bg.png; sourceTree = "<group>"; };
		F4EECF68177F4C0200778578 /* menu.png */ = {isa = PBXFileReference; lastKnownFileType = image.png; path = menu.png; sourceTree = "<group>"; };
		F4EECF69177F4C0200778578 /* menu@2x.png */ = {isa = PBXFileReference; lastKnownFileType = image.png; path = "menu@2x.png"; sourceTree = "<group>"; };
		F4EECF6C177FD51300778578 /* LogoutViewController.h */ = {isa = PBXFileReference; fileEncoding = 4; lastKnownFileType = sourcecode.c.h; lineEnding = 0; path = LogoutViewController.h; sourceTree = "<group>"; xcLanguageSpecificationIdentifier = xcode.lang.objcpp; };
		F4EECF6D177FD51300778578 /* LogoutViewController.m */ = {isa = PBXFileReference; fileEncoding = 4; lastKnownFileType = sourcecode.c.objc; lineEnding = 0; path = LogoutViewController.m; sourceTree = "<group>"; xcLanguageSpecificationIdentifier = xcode.lang.objc; };
		F4EECF6F177FE9B400778578 /* CoreLocation.framework */ = {isa = PBXFileReference; lastKnownFileType = wrapper.framework; name = CoreLocation.framework; path = System/Library/Frameworks/CoreLocation.framework; sourceTree = SDKROOT; };
		F4EECF71177FE9BA00778578 /* MapKit.framework */ = {isa = PBXFileReference; lastKnownFileType = wrapper.framework; name = MapKit.framework; path = System/Library/Frameworks/MapKit.framework; sourceTree = SDKROOT; };
		F4EECF73177FF90500778578 /* FriendsViewController.h */ = {isa = PBXFileReference; fileEncoding = 4; lastKnownFileType = sourcecode.c.h; lineEnding = 0; path = FriendsViewController.h; sourceTree = "<group>"; xcLanguageSpecificationIdentifier = xcode.lang.objcpp; };
		F4EECF74177FF90600778578 /* FriendsViewController.m */ = {isa = PBXFileReference; fileEncoding = 4; lastKnownFileType = sourcecode.c.objc; lineEnding = 0; path = FriendsViewController.m; sourceTree = "<group>"; xcLanguageSpecificationIdentifier = xcode.lang.objc; };
/* End PBXFileReference section */

/* Begin PBXFrameworksBuildPhase section */
		F4EECF0B177C99F400778578 /* Frameworks */ = {
			isa = PBXFrameworksBuildPhase;
			buildActionMask = 2147483647;
			files = (
				03F330371A34ED1800206A40 /* libsqlite3.dylib in Frameworks */,
				F4EECF72177FE9BA00778578 /* MapKit.framework in Frameworks */,
				F4EECF70177FE9B400778578 /* CoreLocation.framework in Frameworks */,
				F4EECF12177C99F400778578 /* UIKit.framework in Frameworks */,
				F4EECF14177C99F400778578 /* Foundation.framework in Frameworks */,
				F4EECF16177C99F400778578 /* CoreGraphics.framework in Frameworks */,
				AA977EEA1A351AFF00569DD8 /* FacebookSDK.framework in Frameworks */,
			);
			runOnlyForDeploymentPostprocessing = 0;
		};
/* End PBXFrameworksBuildPhase section */

/* Begin PBXGroup section */
		F4EECF05177C99F400778578 = {
			isa = PBXGroup;
			children = (
				F4EECF17177C99F400778578 /* Nice-Spots-for-All */,
				F4EECF10177C99F400778578 /* Frameworks */,
				F4EECF0F177C99F400778578 /* Products */,
			);
			sourceTree = "<group>";
		};
		F4EECF0F177C99F400778578 /* Products */ = {
			isa = PBXGroup;
			children = (
				F4EECF0E177C99F400778578 /* Nice-Spots-for-All.app */,
			);
			name = Products;
			sourceTree = "<group>";
		};
		F4EECF10177C99F400778578 /* Frameworks */ = {
			isa = PBXGroup;
			children = (
				03F330361A34ED1800206A40 /* libsqlite3.dylib */,
				AA977EE91A351AFF00569DD8 /* FacebookSDK.framework */,
				F4EECF6F177FE9B400778578 /* CoreLocation.framework */,
				F4EECF71177FE9BA00778578 /* MapKit.framework */,
				F4EECF11177C99F400778578 /* UIKit.framework */,
				F4EECF13177C99F400778578 /* Foundation.framework */,
				F4EECF15177C99F400778578 /* CoreGraphics.framework */,
			);
			name = Frameworks;
			sourceTree = "<group>";
		};
		F4EECF17177C99F400778578 /* Nice-Spots-for-All */ = {
			isa = PBXGroup;
			children = (
				03F330381A34EDD300206A40 /* DBManager.h */,
				03F330391A34EDD300206A40 /* DBManager.m */,
				F4EECF20177C99F400778578 /* AppDelegate.h */,
				F4EECF21177C99F400778578 /* AppDelegate.m */,
				AA977EEB1A351D9200569DD8 /* ViewController.h */,
				AA977EEC1A351D9200569DD8 /* ViewController.m */,
				F4EECF29177C99F400778578 /* MainStoryboard.storyboard */,
				F4EECF2C177C99F400778578 /* MapViewController.h */,
				F4EECF2D177C99F400778578 /* MapViewController.m */,
				F4EECF48177DF87700778578 /* SidebarViewController.h */,
				F4EECF49177DF87700778578 /* SidebarViewController.m */,
				F4EECF6C177FD51300778578 /* LogoutViewController.h */,
				F4EECF6D177FD51300778578 /* LogoutViewController.m */,
				F4EECF73177FF90500778578 /* FriendsViewController.h */,
				F4EECF74177FF90600778578 /* FriendsViewController.m */,
				03977D701A429F8500C12B57 /* nsa.sql */,
				F4EECF34177C9A1E00778578 /* Library */,
				03401F5B1A3A2D7F00D71777 /* Images.xcassets */,
				F4EECF18177C99F400778578 /* Supporting Files */,
			);
			path = "Nice-Spots-for-All";
			sourceTree = "<group>";
		};
		F4EECF18177C99F400778578 /* Supporting Files */ = {
			isa = PBXGroup;
			children = (
				F4EECF53177F37CB00778578 /* Images */,
				F4EECF19177C99F400778578 /* Nice-Spots-for-All-Info.plist */,
				F4EECF1D177C99F400778578 /* main.m */,
				F4EECF1F177C99F400778578 /* Nice-Spots-for-All-Prefix.pch */,
				F4EECF23177C99F400778578 /* Default.png */,
				F4EECF25177C99F400778578 /* Default@2x.png */,
				F4EECF27177C99F400778578 /* Default-568h@2x.png */,
			);
			name = "Supporting Files";
			sourceTree = "<group>";
		};
		F4EECF34177C9A1E00778578 /* Library */ = {
			isa = PBXGroup;
			children = (
				F4D9AD1D1871725500E2D912 /* SWRevealViewController.h */,
				F4D9AD1E1871725500E2D912 /* SWRevealViewController.m */,
			);
			name = Library;
			sourceTree = "<group>";
		};
		F4EECF53177F37CB00778578 /* Images */ = {
			isa = PBXGroup;
			children = (
				AA11E1A71A31673D005EF396 /* find.png */,
				AA11E1A81A31673D005EF396 /* friend.png */,
				AA11E1A91A31673D005EF396 /* logout.png */,
				F4EECF68177F4C0200778578 /* menu.png */,
				F4EECF69177F4C0200778578 /* menu@2x.png */,
				F4EECF65177F4AB000778578 /* nav_bg.png */,
			);
			name = Images;
			sourceTree = "<group>";
		};
/* End PBXGroup section */

/* Begin PBXNativeTarget section */
		F4EECF0D177C99F400778578 /* Nice-Spots-for-All */ = {
			isa = PBXNativeTarget;
			buildConfigurationList = F4EECF31177C99F400778578 /* Build configuration list for PBXNativeTarget "Nice-Spots-for-All" */;
			buildPhases = (
				F4EECF0A177C99F400778578 /* Sources */,
				F4EECF0B177C99F400778578 /* Frameworks */,
				F4EECF0C177C99F400778578 /* Resources */,
			);
			buildRules = (
			);
			dependencies = (
			);
			name = "Nice-Spots-for-All";
			productName = "Nice-Spots-for-All";
			productReference = F4EECF0E177C99F400778578 /* Nice-Spots-for-All.app */;
			productType = "com.apple.product-type.application";
		};
/* End PBXNativeTarget section */

/* Begin PBXProject section */
		F4EECF06177C99F400778578 /* Project object */ = {
			isa = PBXProject;
			attributes = {
				LastUpgradeCheck = 0460;
				ORGANIZATIONNAME = Appcoda;
			};
			buildConfigurationList = F4EECF09177C99F400778578 /* Build configuration list for PBXProject "Nice-Spots-for-All" */;
			compatibilityVersion = "Xcode 3.2";
			developmentRegion = English;
			hasScannedForEncodings = 0;
			knownRegions = (
				en,
			);
			mainGroup = F4EECF05177C99F400778578;
			productRefGroup = F4EECF0F177C99F400778578 /* Products */;
			projectDirPath = "";
			projectRoot = "";
			targets = (
				F4EECF0D177C99F400778578 /* Nice-Spots-for-All */,
			);
		};
/* End PBXProject section */

/* Begin PBXResourcesBuildPhase section */
		F4EECF0C177C99F400778578 /* Resources */ = {
			isa = PBXResourcesBuildPhase;
			buildActionMask = 2147483647;
			files = (
				F4EECF24177C99F400778578 /* Default.png in Resources */,
				AA11E1AA1A31673D005EF396 /* find.png in Resources */,
				F4EECF26177C99F400778578 /* Default@2x.png in Resources */,
				03977D711A429F8500C12B57 /* nsa.sql in Resources */,
				03401F5C1A3A2D7F00D71777 /* Images.xcassets in Resources */,
				F4EECF28177C99F400778578 /* Default-568h@2x.png in Resources */,
				AA11E1AB1A31673D005EF396 /* friend.png in Resources */,
				F4EECF2B177C99F400778578 /* MainStoryboard.storyboard in Resources */,
				AA11E1AC1A31673D005EF396 /* logout.png in Resources */,
				F4EECF67177F4AB000778578 /* nav_bg.png in Resources */,
				F4EECF6A177F4C0200778578 /* menu.png in Resources */,
				F4EECF6B177F4C0200778578 /* menu@2x.png in Resources */,
			);
			runOnlyForDeploymentPostprocessing = 0;
		};
/* End PBXResourcesBuildPhase section */

/* Begin PBXSourcesBuildPhase section */
		F4EECF0A177C99F400778578 /* Sources */ = {
			isa = PBXSourcesBuildPhase;
			buildActionMask = 2147483647;
			files = (
				F4D9AD1F1871725500E2D912 /* SWRevealViewController.m in Sources */,
				F4EECF1E177C99F400778578 /* main.m in Sources */,
				F4EECF22177C99F400778578 /* AppDelegate.m in Sources */,
				F4EECF2E177C99F400778578 /* MapViewController.m in Sources */,
				AA977EED1A351D9200569DD8 /* ViewController.m in Sources */,
				F4EECF4A177DF87700778578 /* SidebarViewController.m in Sources */,
				F4EECF6E177FD51400778578 /* LogoutViewController.m in Sources */,
				F4EECF75177FF90600778578 /* FriendsViewController.m in Sources */,
				03F3303A1A34EDD300206A40 /* DBManager.m in Sources */,
			);
			runOnlyForDeploymentPostprocessing = 0;
		};
/* End PBXSourcesBuildPhase section */

/* Begin PBXVariantGroup section */
		F4EECF29177C99F400778578 /* MainStoryboard.storyboard */ = {
			isa = PBXVariantGroup;
			children = (
				F4EECF2A177C99F400778578 /* en */,
			);
			name = MainStoryboard.storyboard;
			sourceTree = "<group>";
		};
/* End PBXVariantGroup section */

/* Begin XCBuildConfiguration section */
		F4EECF2F177C99F400778578 /* Debug */ = {
			isa = XCBuildConfiguration;
			buildSettings = {
				ALWAYS_SEARCH_USER_PATHS = NO;
				CLANG_CXX_LANGUAGE_STANDARD = "gnu++0x";
				CLANG_CXX_LIBRARY = "libc++";
				CLANG_ENABLE_OBJC_ARC = YES;
				CLANG_WARN_CONSTANT_CONVERSION = YES;
				CLANG_WARN_EMPTY_BODY = YES;
				CLANG_WARN_ENUM_CONVERSION = YES;
				CLANG_WARN_INT_CONVERSION = YES;
				CLANG_WARN__DUPLICATE_METHOD_MATCH = YES;
				"CODE_SIGN_IDENTITY[sdk=iphoneos*]" = "iPhone Developer";
				COPY_PHASE_STRIP = NO;
				GCC_C_LANGUAGE_STANDARD = gnu99;
				GCC_DYNAMIC_NO_PIC = NO;
				GCC_OPTIMIZATION_LEVEL = 0;
				GCC_PREPROCESSOR_DEFINITIONS = (
					"DEBUG=1",
					"$(inherited)",
				);
				GCC_SYMBOLS_PRIVATE_EXTERN = NO;
				GCC_WARN_ABOUT_RETURN_TYPE = YES;
				GCC_WARN_UNINITIALIZED_AUTOS = YES;
				GCC_WARN_UNUSED_VARIABLE = YES;
				IPHONEOS_DEPLOYMENT_TARGET = 7.0;
				ONLY_ACTIVE_ARCH = YES;
				SDKROOT = iphoneos;
			};
			name = Debug;
		};
		F4EECF30177C99F400778578 /* Release */ = {
			isa = XCBuildConfiguration;
			buildSettings = {
				ALWAYS_SEARCH_USER_PATHS = NO;
				CLANG_CXX_LANGUAGE_STANDARD = "gnu++0x";
				CLANG_CXX_LIBRARY = "libc++";
				CLANG_ENABLE_OBJC_ARC = YES;
				CLANG_WARN_CONSTANT_CONVERSION = YES;
				CLANG_WARN_EMPTY_BODY = YES;
				CLANG_WARN_ENUM_CONVERSION = YES;
				CLANG_WARN_INT_CONVERSION = YES;
				CLANG_WARN__DUPLICATE_METHOD_MATCH = YES;
				"CODE_SIGN_IDENTITY[sdk=iphoneos*]" = "iPhone Developer";
				COPY_PHASE_STRIP = YES;
				GCC_C_LANGUAGE_STANDARD = gnu99;
				GCC_WARN_ABOUT_RETURN_TYPE = YES;
				GCC_WARN_UNINITIALIZED_AUTOS = YES;
				GCC_WARN_UNUSED_VARIABLE = YES;
				IPHONEOS_DEPLOYMENT_TARGET = 7.0;
				OTHER_CFLAGS = "-DNS_BLOCK_ASSERTIONS=1";
				SDKROOT = iphoneos;
				VALIDATE_PRODUCT = YES;
			};
			name = Release;
		};
		F4EECF32177C99F400778578 /* Debug */ = {
			isa = XCBuildConfiguration;
			buildSettings = {
				ASSETCATALOG_COMPILER_APPICON_NAME = AppIcon;
				ASSETCATALOG_COMPILER_LAUNCHIMAGE_NAME = LaunchImage;
				FRAMEWORK_SEARCH_PATHS = (
					"$(inherited)",
					"$(PROJECT_DIR)/Nice-Spots-for-All",
				);
				GCC_PRECOMPILE_PREFIX_HEADER = YES;
				GCC_PREFIX_HEADER = "Nice-Spots-for-All/Nice-Spots-for-All-Prefix.pch";
				INFOPLIST_FILE = "Nice-Spots-for-All/Nice-Spots-for-All-Info.plist";
				IPHONEOS_DEPLOYMENT_TARGET = 7.0;
				PRODUCT_NAME = "$(TARGET_NAME)";
				WRAPPER_EXTENSION = app;
			};
			name = Debug;
		};
		F4EECF33177C99F400778578 /* Release */ = {
			isa = XCBuildConfiguration;
			buildSettings = {
				ASSETCATALOG_COMPILER_APPICON_NAME = AppIcon;
				ASSETCATALOG_COMPILER_LAUNCHIMAGE_NAME = LaunchImage;
				FRAMEWORK_SEARCH_PATHS = (
					"$(inherited)",
					"$(PROJECT_DIR)/Nice-Spots-for-All",
				);
				GCC_PRECOMPILE_PREFIX_HEADER = YES;
				GCC_PREFIX_HEADER = "Nice-Spots-for-All/Nice-Spots-for-All-Prefix.pch";
				INFOPLIST_FILE = "Nice-Spots-for-All/Nice-Spots-for-All-Info.plist";
				IPHONEOS_DEPLOYMENT_TARGET = 7.0;
				PRODUCT_NAME = "$(TARGET_NAME)";
				WRAPPER_EXTENSION = app;
			};
			name = Release;
		};
/* End XCBuildConfiguration section */

/* Begin XCConfigurationList section */
		F4EECF09177C99F400778578 /* Build configuration list for PBXProject "Nice-Spots-for-All" */ = {
			isa = XCConfigurationList;
			buildConfigurations = (
				F4EECF2F177C99F400778578 /* Debug */,
				F4EECF30177C99F400778578 /* Release */,
			);
			defaultConfigurationIsVisible = 0;
			defaultConfigurationName = Release;
		};
		F4EECF31177C99F400778578 /* Build configuration list for PBXNativeTarget "Nice-Spots-for-All" */ = {
			isa = XCConfigurationList;
			buildConfigurations = (
				F4EECF32177C99F400778578 /* Debug */,
				F4EECF33177C99F400778578 /* Release */,
			);
			defaultConfigurationIsVisible = 0;
			defaultConfigurationName = Release;
		};
/* End XCConfigurationList section */
	};
	rootObject = F4EECF06177C99F400778578 /* Project object */;
}
